
Microsoft Visual Studio Solution File, Format Version 12.00
# Visual Studio Version 16
VisualStudioVersion = 16.0.30413.136
MinimumVisualStudioVersion = 10.0.40219.1
Project("{FAE04EC0-301F-11D3-BF4B-00C04F79EFBC}") = "CountVowels", "CountVowels\CountVowels.csproj", "{BD1C070C-2EF5-4AF5-9E67-21AA98D17A3B}"
EndProject
Global
	GlobalSection(SolutionConfigurationPlatforms) = preSolution
		Debug|Any CPU = Debug|Any CPU
		Release|Any CPU = Release|Any CPU
	EndGlobalSection
	GlobalSection(ProjectConfigurationPlatforms) = postSolution
		{BD1C070C-2EF5-4AF5-9E67-21AA98D17A3B}.Debug|Any CPU.ActiveCfg = Debug|Any CPU
		{BD1C070C-2EF5-4AF5-9E67-21AA98D17A3B}.Debug|Any CPU.Build.0 = Debug|Any CPU
		{BD1C070C-2EF5-4AF5-9E67-21AA98D17A3B}.Release|Any CPU.ActiveCfg = Release|Any CPU
		{BD1C070C-2EF5-4AF5-9E67-21AA98D17A3B}.Release|Any CPU.Build.0 = Release|Any CPU
	EndGlobalSection
	GlobalSection(SolutionProperties) = preSolution
		HideSolutionNode = FALSE
	EndGlobalSection
	GlobalSection(ExtensibilityGlobals) = postSolution
		SolutionGuid = {005698ED-4D28-417F-B1F2-D6E296E171AF}
	EndGlobalSection
EndGlobal
